
Microsoft Visual Studio Solution File, Format Version 12.00
# Visual Studio Version 16
VisualStudioVersion = 16.0.31729.503
MinimumVisualStudioVersion = 10.0.40219.1
Project("{2150E333-8FDC-42A3-9474-1A3956D46DE8}") = "Gun5", "Gun5", "{64F495A6-80F5-431A-B792-8986AD9974BE}"
EndProject
Project("{9A19103F-16F7-4668-BE54-9A1E7A4F7556}") = "AdresDefteri", "AdresDefteri\AdresDefteri.csproj", "{16C64CB9-7522-4242-A423-8CA5FD2A0A06}"
EndProject
Project("{9A19103F-16F7-4668-BE54-9A1E7A4F7556}") = "AdresDefteri.Models", "AdresDefteri.Models\AdresDefteri.Models.csproj", "{CEE1A219-2E84-4F58-AAD1-071842B8B8E4}"
EndProject
Project("{2150E333-8FDC-42A3-9474-1A3956D46DE8}") = "Gun6", "Gun6", "{0CCB5BE2-AFB7-409D-A039-31D807123BEF}"
EndProject
Project("{9A19103F-16F7-4668-BE54-9A1E7A4F7556}") = "Kalitim_V1", "Kalitim_V1\Kalitim_V1.csproj", "{80DBDAAD-3853-403F-904E-420FF15C8885}"
EndProject
Project("{2150E333-8FDC-42A3-9474-1A3956D46DE8}") = "Gun7", "Gun7", "{93383644-1629-498E-B4FA-84D2BE1E29C4}"
EndProject
Project("{FAE04EC0-301F-11D3-BF4B-00C04F79EFBC}") = "PaymentMethod", "PaymentMethod\PaymentMethod.csproj", "{43FA0878-FCF0-4CE4-AECB-3A0FF6C829AB}"
EndProject
Project("{FAE04EC0-301F-11D3-BF4B-00C04F79EFBC}") = "PaymentMethod.Models", "PaymentMethod.Models\PaymentMethod.Models.csproj", "{F754443A-7333-4032-8E50-D0C3F966D683}"
EndProject
Global
	GlobalSection(SolutionConfigurationPlatforms) = preSolution
		Debug|Any CPU = Debug|Any CPU
		Release|Any CPU = Release|Any CPU
	EndGlobalSection
	GlobalSection(ProjectConfigurationPlatforms) = postSolution
		{16C64CB9-7522-4242-A423-8CA5FD2A0A06}.Debug|Any CPU.ActiveCfg = Debug|Any CPU
		{16C64CB9-7522-4242-A423-8CA5FD2A0A06}.Debug|Any CPU.Build.0 = Debug|Any CPU
		{16C64CB9-7522-4242-A423-8CA5FD2A0A06}.Release|Any CPU.ActiveCfg = Release|Any CPU
		{16C64CB9-7522-4242-A423-8CA5FD2A0A06}.Release|Any CPU.Build.0 = Release|Any CPU
		{CEE1A219-2E84-4F58-AAD1-071842B8B8E4}.Debug|Any CPU.ActiveCfg = Debug|Any CPU
		{CEE1A219-2E84-4F58-AAD1-071842B8B8E4}.Debug|Any CPU.Build.0 = Debug|Any CPU
		{CEE1A219-2E84-4F58-AAD1-071842B8B8E4}.Release|Any CPU.ActiveCfg = Release|Any CPU
		{CEE1A219-2E84-4F58-AAD1-071842B8B8E4}.Release|Any CPU.Build.0 = Release|Any CPU
		{80DBDAAD-3853-403F-904E-420FF15C8885}.Debug|Any CPU.ActiveCfg = Debug|Any CPU
		{80DBDAAD-3853-403F-904E-420FF15C8885}.Debug|Any CPU.Build.0 = Debug|Any CPU
		{80DBDAAD-3853-403F-904E-420FF15C8885}.Release|Any CPU.ActiveCfg = Release|Any CPU
		{80DBDAAD-3853-403F-904E-420FF15C8885}.Release|Any CPU.Build.0 = Release|Any CPU
		{43FA0878-FCF0-4CE4-AECB-3A0FF6C829AB}.Debug|Any CPU.ActiveCfg = Debug|Any CPU
		{43FA0878-FCF0-4CE4-AECB-3A0FF6C829AB}.Debug|Any CPU.Build.0 = Debug|Any CPU
		{43FA0878-FCF0-4CE4-AECB-3A0FF6C829AB}.Release|Any CPU.ActiveCfg = Release|Any CPU
		{43FA0878-FCF0-4CE4-AECB-3A0FF6C829AB}.Release|Any CPU.Build.0 = Release|Any CPU
		{F754443A-7333-4032-8E50-D0C3F966D683}.Debug|Any CPU.ActiveCfg = Debug|Any CPU
		{F754443A-7333-4032-8E50-D0C3F966D683}.Debug|Any CPU.Build.0 = Debug|Any CPU
		{F754443A-7333-4032-8E50-D0C3F966D683}.Release|Any CPU.ActiveCfg = Release|Any CPU
		{F754443A-7333-4032-8E50-D0C3F966D683}.Release|Any CPU.Build.0 = Release|Any CPU
	EndGlobalSection
	GlobalSection(SolutionProperties) = preSolution
		HideSolutionNode = FALSE
	EndGlobalSection
	GlobalSection(NestedProjects) = preSolution
		{16C64CB9-7522-4242-A423-8CA5FD2A0A06} = {64F495A6-80F5-431A-B792-8986AD9974BE}
		{CEE1A219-2E84-4F58-AAD1-071842B8B8E4} = {64F495A6-80F5-431A-B792-8986AD9974BE}
		{80DBDAAD-3853-403F-904E-420FF15C8885} = {0CCB5BE2-AFB7-409D-A039-31D807123BEF}
		{43FA0878-FCF0-4CE4-AECB-3A0FF6C829AB} = {93383644-1629-498E-B4FA-84D2BE1E29C4}
	EndGlobalSection
	GlobalSection(ExtensibilityGlobals) = postSolution
		SolutionGuid = {30FFFCAE-1DDD-41DA-862E-590FB9146AC7}
	EndGlobalSection
EndGlobal
