
Microsoft Visual Studio Solution File, Format Version 12.00
# Visual Studio Version 16
VisualStudioVersion = 16.0.31729.503
MinimumVisualStudioVersion = 10.0.40219.1
Project("{2150E333-8FDC-42A3-9474-1A3956D46DE8}") = "Gün 1", "Gün 1", "{9960F98C-3B4A-47FD-85D2-98216190025C}"
EndProject
Project("{9A19103F-16F7-4668-BE54-9A1E7A4F7556}") = "Degiskenler", "Degiskenler\Degiskenler.csproj", "{5A0A7D95-8984-4E03-A610-CB15F4B385B6}"
EndProject
Project("{9A19103F-16F7-4668-BE54-9A1E7A4F7556}") = "KararYapilariVeDonguler", "KararYapilariVeDonguler\KararYapilariVeDonguler.csproj", "{A089E933-1173-4EC5-B88F-6660ED50ED0F}"
EndProject
Project("{2150E333-8FDC-42A3-9474-1A3956D46DE8}") = "Gün2", "Gün2", "{B0076EEE-B059-4DC9-8A71-195DB9A4B78C}"
EndProject
Project("{9A19103F-16F7-4668-BE54-9A1E7A4F7556}") = "InputIslemleri", "InputIslemleri\InputIslemleri.csproj", "{0625F0B6-94C2-4DDF-993E-32FFCE2449B7}"
EndProject
Project("{9A19103F-16F7-4668-BE54-9A1E7A4F7556}") = "RandomNesnesi", "RandomNesnesi\RandomNesnesi.csproj", "{BFCD9AF9-C69D-42C0-B388-3DAC7D0E11EB}"
EndProject
Project("{9A19103F-16F7-4668-BE54-9A1E7A4F7556}") = "SekilCizme", "SekilCizme\SekilCizme.csproj", "{EB66FC08-38AB-4EF7-9055-939404063CF2}"
EndProject
Project("{9A19103F-16F7-4668-BE54-9A1E7A4F7556}") = "BOM_Game", "BOM_Game\BOM_Game.csproj", "{9556F78E-8387-45D2-9AEB-9FE5A572676E}"
EndProject
Project("{2150E333-8FDC-42A3-9474-1A3956D46DE8}") = "Gün3", "Gün3", "{74193565-FD24-4497-80FA-D4B34505F57F}"
EndProject
Project("{9A19103F-16F7-4668-BE54-9A1E7A4F7556}") = "BOM_Game_V1", "BOM_Game_V1\BOM_Game_V1.csproj", "{6608B82D-278F-4D0C-81A2-AE93EA4F6F4D}"
EndProject
Project("{9A19103F-16F7-4668-BE54-9A1E7A4F7556}") = "Arrays", "Arrays\Arrays.csproj", "{57508C19-A5CD-4C09-8388-ADB698F6B144}"
EndProject
Project("{9A19103F-16F7-4668-BE54-9A1E7A4F7556}") = "DiziSekiller", "DiziSekiller\DiziSekiller.csproj", "{3505C806-41E2-4C78-A964-3D0684C1867E}"
EndProject
Project("{9A19103F-16F7-4668-BE54-9A1E7A4F7556}") = "Odev", "Odev\Odev.csproj", "{9FEFF335-7723-4FDF-9FD2-078817E0E7BF}"
EndProject
Project("{2150E333-8FDC-42A3-9474-1A3956D46DE8}") = "Gün4", "Gün4", "{C5FF0910-6F16-45EA-89F0-38CDD7EED64E}"
EndProject
Project("{9A19103F-16F7-4668-BE54-9A1E7A4F7556}") = "SayıTahmin", "SayıTahmin\SayıTahmin.csproj", "{A6F1BF1B-9C1D-41AC-A86E-E0C8817FE6A4}"
EndProject
Project("{9A19103F-16F7-4668-BE54-9A1E7A4F7556}") = "ZarOyunu_V2", "ZarOyunu_V2\ZarOyunu_V2.csproj", "{63FCE327-A01A-4D4C-B353-640E3EA21921}"
EndProject
Project("{9A19103F-16F7-4668-BE54-9A1E7A4F7556}") = "AdamAsmaca", "AdamAsmaca\AdamAsmaca.csproj", "{4DF49641-2917-4072-9E22-4B6BFD9C2ACD}"
EndProject
Project("{9A19103F-16F7-4668-BE54-9A1E7A4F7556}") = "Metotlar", "Metotlar\Metotlar.csproj", "{E4202284-46F2-4B0F-A47E-8CB2D9B2B6D7}"
EndProject
Project("{9A19103F-16F7-4668-BE54-9A1E7A4F7556}") = "MetotKullanımı", "MetotKullanımı\MetotKullanımı.csproj", "{53BB48CD-C237-4EF5-8772-EAFEB8BCB7D6}"
EndProject
Global
	GlobalSection(SolutionConfigurationPlatforms) = preSolution
		Debug|Any CPU = Debug|Any CPU
		Release|Any CPU = Release|Any CPU
	EndGlobalSection
	GlobalSection(ProjectConfigurationPlatforms) = postSolution
		{5A0A7D95-8984-4E03-A610-CB15F4B385B6}.Debug|Any CPU.ActiveCfg = Debug|Any CPU
		{5A0A7D95-8984-4E03-A610-CB15F4B385B6}.Debug|Any CPU.Build.0 = Debug|Any CPU
		{5A0A7D95-8984-4E03-A610-CB15F4B385B6}.Release|Any CPU.ActiveCfg = Release|Any CPU
		{5A0A7D95-8984-4E03-A610-CB15F4B385B6}.Release|Any CPU.Build.0 = Release|Any CPU
		{A089E933-1173-4EC5-B88F-6660ED50ED0F}.Debug|Any CPU.ActiveCfg = Debug|Any CPU
		{A089E933-1173-4EC5-B88F-6660ED50ED0F}.Debug|Any CPU.Build.0 = Debug|Any CPU
		{A089E933-1173-4EC5-B88F-6660ED50ED0F}.Release|Any CPU.ActiveCfg = Release|Any CPU
		{A089E933-1173-4EC5-B88F-6660ED50ED0F}.Release|Any CPU.Build.0 = Release|Any CPU
		{0625F0B6-94C2-4DDF-993E-32FFCE2449B7}.Debug|Any CPU.ActiveCfg = Debug|Any CPU
		{0625F0B6-94C2-4DDF-993E-32FFCE2449B7}.Debug|Any CPU.Build.0 = Debug|Any CPU
		{0625F0B6-94C2-4DDF-993E-32FFCE2449B7}.Release|Any CPU.ActiveCfg = Release|Any CPU
		{0625F0B6-94C2-4DDF-993E-32FFCE2449B7}.Release|Any CPU.Build.0 = Release|Any CPU
		{BFCD9AF9-C69D-42C0-B388-3DAC7D0E11EB}.Debug|Any CPU.ActiveCfg = Debug|Any CPU
		{BFCD9AF9-C69D-42C0-B388-3DAC7D0E11EB}.Debug|Any CPU.Build.0 = Debug|Any CPU
		{BFCD9AF9-C69D-42C0-B388-3DAC7D0E11EB}.Release|Any CPU.ActiveCfg = Release|Any CPU
		{BFCD9AF9-C69D-42C0-B388-3DAC7D0E11EB}.Release|Any CPU.Build.0 = Release|Any CPU
		{EB66FC08-38AB-4EF7-9055-939404063CF2}.Debug|Any CPU.ActiveCfg = Debug|Any CPU
		{EB66FC08-38AB-4EF7-9055-939404063CF2}.Debug|Any CPU.Build.0 = Debug|Any CPU
		{EB66FC08-38AB-4EF7-9055-939404063CF2}.Release|Any CPU.ActiveCfg = Release|Any CPU
		{EB66FC08-38AB-4EF7-9055-939404063CF2}.Release|Any CPU.Build.0 = Release|Any CPU
		{9556F78E-8387-45D2-9AEB-9FE5A572676E}.Debug|Any CPU.ActiveCfg = Debug|Any CPU
		{9556F78E-8387-45D2-9AEB-9FE5A572676E}.Debug|Any CPU.Build.0 = Debug|Any CPU
		{9556F78E-8387-45D2-9AEB-9FE5A572676E}.Release|Any CPU.ActiveCfg = Release|Any CPU
		{9556F78E-8387-45D2-9AEB-9FE5A572676E}.Release|Any CPU.Build.0 = Release|Any CPU
		{6608B82D-278F-4D0C-81A2-AE93EA4F6F4D}.Debug|Any CPU.ActiveCfg = Debug|Any CPU
		{6608B82D-278F-4D0C-81A2-AE93EA4F6F4D}.Debug|Any CPU.Build.0 = Debug|Any CPU
		{6608B82D-278F-4D0C-81A2-AE93EA4F6F4D}.Release|Any CPU.ActiveCfg = Release|Any CPU
		{6608B82D-278F-4D0C-81A2-AE93EA4F6F4D}.Release|Any CPU.Build.0 = Release|Any CPU
		{57508C19-A5CD-4C09-8388-ADB698F6B144}.Debug|Any CPU.ActiveCfg = Debug|Any CPU
		{57508C19-A5CD-4C09-8388-ADB698F6B144}.Debug|Any CPU.Build.0 = Debug|Any CPU
		{57508C19-A5CD-4C09-8388-ADB698F6B144}.Release|Any CPU.ActiveCfg = Release|Any CPU
		{57508C19-A5CD-4C09-8388-ADB698F6B144}.Release|Any CPU.Build.0 = Release|Any CPU
		{3505C806-41E2-4C78-A964-3D0684C1867E}.Debug|Any CPU.ActiveCfg = Debug|Any CPU
		{3505C806-41E2-4C78-A964-3D0684C1867E}.Debug|Any CPU.Build.0 = Debug|Any CPU
		{3505C806-41E2-4C78-A964-3D0684C1867E}.Release|Any CPU.ActiveCfg = Release|Any CPU
		{3505C806-41E2-4C78-A964-3D0684C1867E}.Release|Any CPU.Build.0 = Release|Any CPU
		{9FEFF335-7723-4FDF-9FD2-078817E0E7BF}.Debug|Any CPU.ActiveCfg = Debug|Any CPU
		{9FEFF335-7723-4FDF-9FD2-078817E0E7BF}.Debug|Any CPU.Build.0 = Debug|Any CPU
		{9FEFF335-7723-4FDF-9FD2-078817E0E7BF}.Release|Any CPU.ActiveCfg = Release|Any CPU
		{9FEFF335-7723-4FDF-9FD2-078817E0E7BF}.Release|Any CPU.Build.0 = Release|Any CPU
		{A6F1BF1B-9C1D-41AC-A86E-E0C8817FE6A4}.Debug|Any CPU.ActiveCfg = Debug|Any CPU
		{A6F1BF1B-9C1D-41AC-A86E-E0C8817FE6A4}.Debug|Any CPU.Build.0 = Debug|Any CPU
		{A6F1BF1B-9C1D-41AC-A86E-E0C8817FE6A4}.Release|Any CPU.ActiveCfg = Release|Any CPU
		{A6F1BF1B-9C1D-41AC-A86E-E0C8817FE6A4}.Release|Any CPU.Build.0 = Release|Any CPU
		{63FCE327-A01A-4D4C-B353-640E3EA21921}.Debug|Any CPU.ActiveCfg = Debug|Any CPU
		{63FCE327-A01A-4D4C-B353-640E3EA21921}.Debug|Any CPU.Build.0 = Debug|Any CPU
		{63FCE327-A01A-4D4C-B353-640E3EA21921}.Release|Any CPU.ActiveCfg = Release|Any CPU
		{63FCE327-A01A-4D4C-B353-640E3EA21921}.Release|Any CPU.Build.0 = Release|Any CPU
		{4DF49641-2917-4072-9E22-4B6BFD9C2ACD}.Debug|Any CPU.ActiveCfg = Debug|Any CPU
		{4DF49641-2917-4072-9E22-4B6BFD9C2ACD}.Debug|Any CPU.Build.0 = Debug|Any CPU
		{4DF49641-2917-4072-9E22-4B6BFD9C2ACD}.Release|Any CPU.ActiveCfg = Release|Any CPU
		{4DF49641-2917-4072-9E22-4B6BFD9C2ACD}.Release|Any CPU.Build.0 = Release|Any CPU
		{E4202284-46F2-4B0F-A47E-8CB2D9B2B6D7}.Debug|Any CPU.ActiveCfg = Debug|Any CPU
		{E4202284-46F2-4B0F-A47E-8CB2D9B2B6D7}.Debug|Any CPU.Build.0 = Debug|Any CPU
		{E4202284-46F2-4B0F-A47E-8CB2D9B2B6D7}.Release|Any CPU.ActiveCfg = Release|Any CPU
		{E4202284-46F2-4B0F-A47E-8CB2D9B2B6D7}.Release|Any CPU.Build.0 = Release|Any CPU
		{53BB48CD-C237-4EF5-8772-EAFEB8BCB7D6}.Debug|Any CPU.ActiveCfg = Debug|Any CPU
		{53BB48CD-C237-4EF5-8772-EAFEB8BCB7D6}.Debug|Any CPU.Build.0 = Debug|Any CPU
		{53BB48CD-C237-4EF5-8772-EAFEB8BCB7D6}.Release|Any CPU.ActiveCfg = Release|Any CPU
		{53BB48CD-C237-4EF5-8772-EAFEB8BCB7D6}.Release|Any CPU.Build.0 = Release|Any CPU
	EndGlobalSection
	GlobalSection(SolutionProperties) = preSolution
		HideSolutionNode = FALSE
	EndGlobalSection
	GlobalSection(NestedProjects) = preSolution
		{5A0A7D95-8984-4E03-A610-CB15F4B385B6} = {9960F98C-3B4A-47FD-85D2-98216190025C}
		{A089E933-1173-4EC5-B88F-6660ED50ED0F} = {9960F98C-3B4A-47FD-85D2-98216190025C}
		{0625F0B6-94C2-4DDF-993E-32FFCE2449B7} = {B0076EEE-B059-4DC9-8A71-195DB9A4B78C}
		{BFCD9AF9-C69D-42C0-B388-3DAC7D0E11EB} = {B0076EEE-B059-4DC9-8A71-195DB9A4B78C}
		{EB66FC08-38AB-4EF7-9055-939404063CF2} = {B0076EEE-B059-4DC9-8A71-195DB9A4B78C}
		{9556F78E-8387-45D2-9AEB-9FE5A572676E} = {B0076EEE-B059-4DC9-8A71-195DB9A4B78C}
		{6608B82D-278F-4D0C-81A2-AE93EA4F6F4D} = {74193565-FD24-4497-80FA-D4B34505F57F}
		{57508C19-A5CD-4C09-8388-ADB698F6B144} = {74193565-FD24-4497-80FA-D4B34505F57F}
		{3505C806-41E2-4C78-A964-3D0684C1867E} = {74193565-FD24-4497-80FA-D4B34505F57F}
		{9FEFF335-7723-4FDF-9FD2-078817E0E7BF} = {74193565-FD24-4497-80FA-D4B34505F57F}
		{A6F1BF1B-9C1D-41AC-A86E-E0C8817FE6A4} = {C5FF0910-6F16-45EA-89F0-38CDD7EED64E}
		{63FCE327-A01A-4D4C-B353-640E3EA21921} = {C5FF0910-6F16-45EA-89F0-38CDD7EED64E}
		{4DF49641-2917-4072-9E22-4B6BFD9C2ACD} = {C5FF0910-6F16-45EA-89F0-38CDD7EED64E}
		{E4202284-46F2-4B0F-A47E-8CB2D9B2B6D7} = {C5FF0910-6F16-45EA-89F0-38CDD7EED64E}
		{53BB48CD-C237-4EF5-8772-EAFEB8BCB7D6} = {C5FF0910-6F16-45EA-89F0-38CDD7EED64E}
	EndGlobalSection
	GlobalSection(ExtensibilityGlobals) = postSolution
		SolutionGuid = {1AB4EDC3-6721-4BA7-8C33-9CF35518AC83}
	EndGlobalSection
EndGlobal
